// !$*UTF8*$!
{
	archiveVersion = 1;
	classes = {
	};
	objectVersion = 56;
	objects = {

/* Begin PBXBuildFile section */
		BFCEC11329D771FE0071B60F /* ARViewUsageApp.swift in Sources */ = {isa = PBXBuildFile; fileRef = BFCEC11229D771FE0071B60F /* ARViewUsageApp.swift */; };
		BFCEC11529D771FE0071B60F /* ContentView.swift in Sources */ = {isa = PBXBuildFile; fileRef = BFCEC11429D771FE0071B60F /* ContentView.swift */; };
		BFCEC11729D771FF0071B60F /* Assets.xcassets in Resources */ = {isa = PBXBuildFile; fileRef = BFCEC11629D771FF0071B60F /* Assets.xcassets */; };
		BFCEC11A29D771FF0071B60F /* Preview Assets.xcassets in Resources */ = {isa = PBXBuildFile; fileRef = BFCEC11929D771FF0071B60F /* Preview Assets.xcassets */; };
		BFCEC12129D7722F0071B60F /* ARCubeViewContainer.swift in Sources */ = {isa = PBXBuildFile; fileRef = BFCEC12029D7722F0071B60F /* ARCubeViewContainer.swift */; };
		BFCEC12429D774C90071B60F /* AppButtonModifier.swift in Sources */ = {isa = PBXBuildFile; fileRef = BFCEC12329D774C90071B60F /* AppButtonModifier.swift */; };
		BFCEC12729D7753A0071B60F /* Color.swift in Sources */ = {isa = PBXBuildFile; fileRef = BFCEC12629D7753A0071B60F /* Color.swift */; };
		BFCEC12A29D7799E0071B60F /* ARMotionViewContainer.swift in Sources */ = {isa = PBXBuildFile; fileRef = BFCEC12929D7799E0071B60F /* ARMotionViewContainer.swift */; };
		BFCEC12D29D77AF60071B60F /* SkeletonJoint.swift in Sources */ = {isa = PBXBuildFile; fileRef = BFCEC12C29D77AF60071B60F /* SkeletonJoint.swift */; };
		BFCEC12F29D77B550071B60F /* SkeletonBone.swift in Sources */ = {isa = PBXBuildFile; fileRef = BFCEC12E29D77B550071B60F /* SkeletonBone.swift */; };
		BFCEC13229D77C4E0071B60F /* Bones.swift in Sources */ = {isa = PBXBuildFile; fileRef = BFCEC13129D77C4E0071B60F /* Bones.swift */; };
		BFCEC13429D782F00071B60F /* BodySkeleton.swift in Sources */ = {isa = PBXBuildFile; fileRef = BFCEC13329D782F00071B60F /* BodySkeleton.swift */; };
/* End PBXBuildFile section */

/* Begin PBXFileReference section */
		BFCEC10F29D771FE0071B60F /* ARViewUsage.app */ = {isa = PBXFileReference; explicitFileType = wrapper.application; includeInIndex = 0; path = ARViewUsage.app; sourceTree = BUILT_PRODUCTS_DIR; };
		BFCEC11229D771FE0071B60F /* ARViewUsageApp.swift */ = {isa = PBXFileReference; lastKnownFileType = sourcecode.swift; path = ARViewUsageApp.swift; sourceTree = "<group>"; };
		BFCEC11429D771FE0071B60F /* ContentView.swift */ = {isa = PBXFileReference; lastKnownFileType = sourcecode.swift; path = ContentView.swift; sourceTree = "<group>"; };
		BFCEC11629D771FF0071B60F /* Assets.xcassets */ = {isa = PBXFileReference; lastKnownFileType = folder.assetcatalog; path = Assets.xcassets; sourceTree = "<group>"; };
		BFCEC11929D771FF0071B60F /* Preview Assets.xcassets */ = {isa = PBXFileReference; lastKnownFileType = folder.assetcatalog; path = "Preview Assets.xcassets"; sourceTree = "<group>"; };
		BFCEC12029D7722F0071B60F /* ARCubeViewContainer.swift */ = {isa = PBXFileReference; lastKnownFileType = sourcecode.swift; path = ARCubeViewContainer.swift; sourceTree = "<group>"; };
		BFCEC12329D774C90071B60F /* AppButtonModifier.swift */ = {isa = PBXFileReference; lastKnownFileType = sourcecode.swift; path = AppButtonModifier.swift; sourceTree = "<group>"; };
		BFCEC12629D7753A0071B60F /* Color.swift */ = {isa = PBXFileReference; lastKnownFileType = sourcecode.swift; path = Color.swift; sourceTree = "<group>"; };
		BFCEC12929D7799E0071B60F /* ARMotionViewContainer.swift */ = {isa = PBXFileReference; lastKnownFileType = sourcecode.swift; path = ARMotionViewContainer.swift; sourceTree = "<group>"; };
		BFCEC12C29D77AF60071B60F /* SkeletonJoint.swift */ = {isa = PBXFileReference; lastKnownFileType = sourcecode.swift; path = SkeletonJoint.swift; sourceTree = "<group>"; };
		BFCEC12E29D77B550071B60F /* SkeletonBone.swift */ = {isa = PBXFileReference; lastKnownFileType = sourcecode.swift; path = SkeletonBone.swift; sourceTree = "<group>"; };
		BFCEC13129D77C4E0071B60F /* Bones.swift */ = {isa = PBXFileReference; lastKnownFileType = sourcecode.swift; path = Bones.swift; sourceTree = "<group>"; };
		BFCEC13329D782F00071B60F /* BodySkeleton.swift */ = {isa = PBXFileReference; lastKnownFileType = sourcecode.swift; path = BodySkeleton.swift; sourceTree = "<group>"; };
/* End PBXFileReference section */

/* Begin PBXFrameworksBuildPhase section */
		BFCEC10C29D771FE0071B60F /* Frameworks */ = {
			isa = PBXFrameworksBuildPhase;
			buildActionMask = 2147483647;
			files = (
			);
			runOnlyForDeploymentPostprocessing = 0;
		};
/* End PBXFrameworksBuildPhase section */

/* Begin PBXGroup section */
		BFCEC10629D771FE0071B60F = {
			isa = PBXGroup;
			children = (
				BFCEC11129D771FE0071B60F /* ARViewUsage */,
				BFCEC11029D771FE0071B60F /* Products */,
			);
			sourceTree = "<group>";
		};
		BFCEC11029D771FE0071B60F /* Products */ = {
			isa = PBXGroup;
			children = (
				BFCEC10F29D771FE0071B60F /* ARViewUsage.app */,
			);
			name = Products;
			sourceTree = "<group>";
		};
		BFCEC11129D771FE0071B60F /* ARViewUsage */ = {
			isa = PBXGroup;
			children = (
				BFCEC13029D77C420071B60F /* enums */,
				BFCEC12B29D77AD60071B60F /* uiElements */,
				BFCEC12829D779810071B60F /* viewContainer */,
				BFCEC12529D7752C0071B60F /* Ext */,
				BFCEC12229D774BC0071B60F /* modifiers */,
				BFCEC11229D771FE0071B60F /* ARViewUsageApp.swift */,
				BFCEC11429D771FE0071B60F /* ContentView.swift */,
				BFCEC11629D771FF0071B60F /* Assets.xcassets */,
				BFCEC11829D771FF0071B60F /* Preview Content */,
			);
			path = ARViewUsage;
			sourceTree = "<group>";
		};
		BFCEC11829D771FF0071B60F /* Preview Content */ = {
			isa = PBXGroup;
			children = (
				BFCEC11929D771FF0071B60F /* Preview Assets.xcassets */,
			);
			path = "Preview Content";
			sourceTree = "<group>";
		};
		BFCEC12229D774BC0071B60F /* modifiers */ = {
			isa = PBXGroup;
			children = (
				BFCEC12329D774C90071B60F /* AppButtonModifier.swift */,
			);
			path = modifiers;
			sourceTree = "<group>";
		};
		BFCEC12529D7752C0071B60F /* Ext */ = {
			isa = PBXGroup;
			children = (
				BFCEC12629D7753A0071B60F /* Color.swift */,
			);
			path = Ext;
			sourceTree = "<group>";
		};
		BFCEC12829D779810071B60F /* viewContainer */ = {
			isa = PBXGroup;
			children = (
				BFCEC12029D7722F0071B60F /* ARCubeViewContainer.swift */,
				BFCEC12929D7799E0071B60F /* ARMotionViewContainer.swift */,
			);
			path = viewContainer;
			sourceTree = "<group>";
		};
		BFCEC12B29D77AD60071B60F /* uiElements */ = {
			isa = PBXGroup;
			children = (
				BFCEC12C29D77AF60071B60F /* SkeletonJoint.swift */,
				BFCEC12E29D77B550071B60F /* SkeletonBone.swift */,
				BFCEC13329D782F00071B60F /* BodySkeleton.swift */,
			);
			path = uiElements;
			sourceTree = "<group>";
		};
		BFCEC13029D77C420071B60F /* enums */ = {
			isa = PBXGroup;
			children = (
				BFCEC13129D77C4E0071B60F /* Bones.swift */,
			);
			path = enums;
			sourceTree = "<group>";
		};
/* End PBXGroup section */

/* Begin PBXNativeTarget section */
		BFCEC10E29D771FE0071B60F /* ARViewUsage */ = {
			isa = PBXNativeTarget;
			buildConfigurationList = BFCEC11D29D771FF0071B60F /* Build configuration list for PBXNativeTarget "ARViewUsage" */;
			buildPhases = (
				BFCEC10B29D771FE0071B60F /* Sources */,
				BFCEC10C29D771FE0071B60F /* Frameworks */,
				BFCEC10D29D771FE0071B60F /* Resources */,
			);
			buildRules = (
			);
			dependencies = (
			);
			name = ARViewUsage;
			productName = ARViewUsage;
			productReference = BFCEC10F29D771FE0071B60F /* ARViewUsage.app */;
			productType = "com.apple.product-type.application";
		};
/* End PBXNativeTarget section */

/* Begin PBXProject section */
		BFCEC10729D771FE0071B60F /* Project object */ = {
			isa = PBXProject;
			attributes = {
				BuildIndependentTargetsInParallel = 1;
				LastSwiftUpdateCheck = 1420;
				LastUpgradeCheck = 1420;
				TargetAttributes = {
					BFCEC10E29D771FE0071B60F = {
						CreatedOnToolsVersion = 14.2;
					};
				};
			};
			buildConfigurationList = BFCEC10A29D771FE0071B60F /* Build configuration list for PBXProject "ARViewUsage" */;
			compatibilityVersion = "Xcode 14.0";
			developmentRegion = en;
			hasScannedForEncodings = 0;
			knownRegions = (
				en,
				Base,
			);
			mainGroup = BFCEC10629D771FE0071B60F;
			productRefGroup = BFCEC11029D771FE0071B60F /* Products */;
			projectDirPath = "";
			projectRoot = "";
			targets = (
				BFCEC10E29D771FE0071B60F /* ARViewUsage */,
			);
		};
/* End PBXProject section */

/* Begin PBXResourcesBuildPhase section */
		BFCEC10D29D771FE0071B60F /* Resources */ = {
			isa = PBXResourcesBuildPhase;
			buildActionMask = 2147483647;
			files = (
				BFCEC11A29D771FF0071B60F /* Preview Assets.xcassets in Resources */,
				BFCEC11729D771FF0071B60F /* Assets.xcassets in Resources */,
			);
			runOnlyForDeploymentPostprocessing = 0;
		};
/* End PBXResourcesBuildPhase section */

/* Begin PBXSourcesBuildPhase section */
		BFCEC10B29D771FE0071B60F /* Sources */ = {
			isa = PBXSourcesBuildPhase;
			buildActionMask = 2147483647;
			files = (
				BFCEC11529D771FE0071B60F /* ContentView.swift in Sources */,
				BFCEC13229D77C4E0071B60F /* Bones.swift in Sources */,
				BFCEC13429D782F00071B60F /* BodySkeleton.swift in Sources */,
				BFCEC12A29D7799E0071B60F /* ARMotionViewContainer.swift in Sources */,
				BFCEC11329D771FE0071B60F /* ARViewUsageApp.swift in Sources */,
				BFCEC12429D774C90071B60F /* AppButtonModifier.swift in Sources */,
				BFCEC12D29D77AF60071B60F /* SkeletonJoint.swift in Sources */,
				BFCEC12729D7753A0071B60F /* Color.swift in Sources */,
				BFCEC12F29D77B550071B60F /* SkeletonBone.swift in Sources */,
				BFCEC12129D7722F0071B60F /* ARCubeViewContainer.swift in Sources */,
			);
			runOnlyForDeploymentPostprocessing = 0;
		};
/* End PBXSourcesBuildPhase section */

/* Begin XCBuildConfiguration section */
		BFCEC11B29D771FF0071B60F /* Debug */ = {
			isa = XCBuildConfiguration;
			buildSettings = {
				ALWAYS_SEARCH_USER_PATHS = NO;
				CLANG_ANALYZER_NONNULL = YES;
				CLANG_ANALYZER_NUMBER_OBJECT_CONVERSION = YES_AGGRESSIVE;
				CLANG_CXX_LANGUAGE_STANDARD = "gnu++20";
				CLANG_ENABLE_MODULES = YES;
				CLANG_ENABLE_OBJC_ARC = YES;
				CLANG_ENABLE_OBJC_WEAK = YES;
				CLANG_WARN_BLOCK_CAPTURE_AUTORELEASING = YES;
				CLANG_WARN_BOOL_CONVERSION = YES;
				CLANG_WARN_COMMA = YES;
				CLANG_WARN_CONSTANT_CONVERSION = YES;
				CLANG_WARN_DEPRECATED_OBJC_IMPLEMENTATIONS = YES;
				CLANG_WARN_DIRECT_OBJC_ISA_USAGE = YES_ERROR;
				CLANG_WARN_DOCUMENTATION_COMMENTS = YES;
				CLANG_WARN_EMPTY_BODY = YES;
				CLANG_WARN_ENUM_CONVERSION = YES;
				CLANG_WARN_INFINITE_RECURSION = YES;
				CLANG_WARN_INT_CONVERSION = YES;
				CLANG_WARN_NON_LITERAL_NULL_CONVERSION = YES;
				CLANG_WARN_OBJC_IMPLICIT_RETAIN_SELF = YES;
				CLANG_WARN_OBJC_LITERAL_CONVERSION = YES;
				CLANG_WARN_OBJC_ROOT_CLASS = YES_ERROR;
				CLANG_WARN_QUOTED_INCLUDE_IN_FRAMEWORK_HEADER = YES;
				CLANG_WARN_RANGE_LOOP_ANALYSIS = YES;
				CLANG_WARN_STRICT_PROTOTYPES = YES;
				CLANG_WARN_SUSPICIOUS_MOVE = YES;
				CLANG_WARN_UNGUARDED_AVAILABILITY = YES_AGGRESSIVE;
				CLANG_WARN_UNREACHABLE_CODE = YES;
				CLANG_WARN__DUPLICATE_METHOD_MATCH = YES;
				COPY_PHASE_STRIP = NO;
				DEBUG_INFORMATION_FORMAT = dwarf;
				ENABLE_STRICT_OBJC_MSGSEND = YES;
				ENABLE_TESTABILITY = YES;
				GCC_C_LANGUAGE_STANDARD = gnu11;
				GCC_DYNAMIC_NO_PIC = NO;
				GCC_NO_COMMON_BLOCKS = YES;
				GCC_OPTIMIZATION_LEVEL = 0;
				GCC_PREPROCESSOR_DEFINITIONS = (
					"DEBUG=1",
					"$(inherited)",
				);
				GCC_WARN_64_TO_32_BIT_CONVERSION = YES;
				GCC_WARN_ABOUT_RETURN_TYPE = YES_ERROR;
				GCC_WARN_UNDECLARED_SELECTOR = YES;
				GCC_WARN_UNINITIALIZED_AUTOS = YES_AGGRESSIVE;
				GCC_WARN_UNUSED_FUNCTION = YES;
				GCC_WARN_UNUSED_VARIABLE = YES;
				IPHONEOS_DEPLOYMENT_TARGET = 16.2;
				MTL_ENABLE_DEBUG_INFO = INCLUDE_SOURCE;
				MTL_FAST_MATH = YES;
				ONLY_ACTIVE_ARCH = YES;
				SDKROOT = iphoneos;
				SWIFT_ACTIVE_COMPILATION_CONDITIONS = DEBUG;
				SWIFT_OPTIMIZATION_LEVEL = "-Onone";
			};
			name = Debug;
		};
		BFCEC11C29D771FF0071B60F /* Release */ = {
			isa = XCBuildConfiguration;
			buildSettings = {
				ALWAYS_SEARCH_USER_PATHS = NO;
				CLANG_ANALYZER_NONNULL = YES;
				CLANG_ANALYZER_NUMBER_OBJECT_CONVERSION = YES_AGGRESSIVE;
				CLANG_CXX_LANGUAGE_STANDARD = "gnu++20";
				CLANG_ENABLE_MODULES = YES;
				CLANG_ENABLE_OBJC_ARC = YES;
				CLANG_ENABLE_OBJC_WEAK = YES;
				CLANG_WARN_BLOCK_CAPTURE_AUTORELEASING = YES;
				CLANG_WARN_BOOL_CONVERSION = YES;
				CLANG_WARN_COMMA = YES;
				CLANG_WARN_CONSTANT_CONVERSION = YES;
				CLANG_WARN_DEPRECATED_OBJC_IMPLEMENTATIONS = YES;
				CLANG_WARN_DIRECT_OBJC_ISA_USAGE = YES_ERROR;
				CLANG_WARN_DOCUMENTATION_COMMENTS = YES;
				CLANG_WARN_EMPTY_BODY = YES;
				CLANG_WARN_ENUM_CONVERSION = YES;
				CLANG_WARN_INFINITE_RECURSION = YES;
				CLANG_WARN_INT_CONVERSION = YES;
				CLANG_WARN_NON_LITERAL_NULL_CONVERSION = YES;
				CLANG_WARN_OBJC_IMPLICIT_RETAIN_SELF = YES;
				CLANG_WARN_OBJC_LITERAL_CONVERSION = YES;
				CLANG_WARN_OBJC_ROOT_CLASS = YES_ERROR;
				CLANG_WARN_QUOTED_INCLUDE_IN_FRAMEWORK_HEADER = YES;
				CLANG_WARN_RANGE_LOOP_ANALYSIS = YES;
				CLANG_WARN_STRICT_PROTOTYPES = YES;
				CLANG_WARN_SUSPICIOUS_MOVE = YES;
				CLANG_WARN_UNGUARDED_AVAILABILITY = YES_AGGRESSIVE;
				CLANG_WARN_UNREACHABLE_CODE = YES;
				CLANG_WARN__DUPLICATE_METHOD_MATCH = YES;
				COPY_PHASE_STRIP = NO;
				DEBUG_INFORMATION_FORMAT = "dwarf-with-dsym";
				ENABLE_NS_ASSERTIONS = NO;
				ENABLE_STRICT_OBJC_MSGSEND = YES;
				GCC_C_LANGUAGE_STANDARD = gnu11;
				GCC_NO_COMMON_BLOCKS = YES;
				GCC_WARN_64_TO_32_BIT_CONVERSION = YES;
				GCC_WARN_ABOUT_RETURN_TYPE = YES_ERROR;
				GCC_WARN_UNDECLARED_SELECTOR = YES;
				GCC_WARN_UNINITIALIZED_AUTOS = YES_AGGRESSIVE;
				GCC_WARN_UNUSED_FUNCTION = YES;
				GCC_WARN_UNUSED_VARIABLE = YES;
				IPHONEOS_DEPLOYMENT_TARGET = 16.2;
				MTL_ENABLE_DEBUG_INFO = NO;
				MTL_FAST_MATH = YES;
				SDKROOT = iphoneos;
				SWIFT_COMPILATION_MODE = wholemodule;
				SWIFT_OPTIMIZATION_LEVEL = "-O";
				VALIDATE_PRODUCT = YES;
			};
			name = Release;
		};
		BFCEC11E29D771FF0071B60F /* Debug */ = {
			isa = XCBuildConfiguration;
			buildSettings = {
				ASSETCATALOG_COMPILER_APPICON_NAME = AppIcon;
				ASSETCATALOG_COMPILER_GLOBAL_ACCENT_COLOR_NAME = AccentColor;
				CODE_SIGN_STYLE = Automatic;
				CURRENT_PROJECT_VERSION = 1;
				DEVELOPMENT_ASSET_PATHS = "\"ARViewUsage/Preview Content\"";
				DEVELOPMENT_TEAM = DHKYX69V83;
				ENABLE_PREVIEWS = YES;
				GENERATE_INFOPLIST_FILE = YES;
				INFOPLIST_KEY_NSCameraUsageDescription = "This app need access to camera";
				INFOPLIST_KEY_UIApplicationSceneManifest_Generation = YES;
				INFOPLIST_KEY_UIApplicationSupportsIndirectInputEvents = YES;
				INFOPLIST_KEY_UILaunchScreen_Generation = YES;
				INFOPLIST_KEY_UISupportedInterfaceOrientations_iPad = "UIInterfaceOrientationPortrait UIInterfaceOrientationPortraitUpsideDown UIInterfaceOrientationLandscapeLeft UIInterfaceOrientationLandscapeRight";
				INFOPLIST_KEY_UISupportedInterfaceOrientations_iPhone = "UIInterfaceOrientationPortrait UIInterfaceOrientationLandscapeLeft UIInterfaceOrientationLandscapeRight";
				LD_RUNPATH_SEARCH_PATHS = (
					"$(inherited)",
					"@executable_path/Frameworks",
				);
				MARKETING_VERSION = 1.0;
				PRODUCT_BUNDLE_IDENTIFIER = com.farkhodkhaknazarov.ARViewUsage;
				PRODUCT_NAME = "$(TARGET_NAME)";
				SWIFT_EMIT_LOC_STRINGS = YES;
				SWIFT_VERSION = 5.0;
				TARGETED_DEVICE_FAMILY = "1,2";
			};
			name = Debug;
		};
		BFCEC11F29D771FF0071B60F /* Release */ = {
			isa = XCBuildConfiguration;
			buildSettings = {
				ASSETCATALOG_COMPILER_APPICON_NAME = AppIcon;
				ASSETCATALOG_COMPILER_GLOBAL_ACCENT_COLOR_NAME = AccentColor;
				CODE_SIGN_STYLE = Automatic;
				CURRENT_PROJECT_VERSION = 1;
				DEVELOPMENT_ASSET_PATHS = "\"ARViewUsage/Preview Content\"";
				DEVELOPMENT_TEAM = DHKYX69V83;
				ENABLE_PREVIEWS = YES;
				GENERATE_INFOPLIST_FILE = YES;
				INFOPLIST_KEY_NSCameraUsageDescription = "This app need access to camera";
				INFOPLIST_KEY_UIApplicationSceneManifest_Generation = YES;
				INFOPLIST_KEY_UIApplicationSupportsIndirectInputEvents = YES;
				INFOPLIST_KEY_UILaunchScreen_Generation = YES;
				INFOPLIST_KEY_UISupportedInterfaceOrientations_iPad = "UIInterfaceOrientationPortrait UIInterfaceOrientationPortraitUpsideDown UIInterfaceOrientationLandscapeLeft UIInterfaceOrientationLandscapeRight";
				INFOPLIST_KEY_UISupportedInterfaceOrientations_iPhone = "UIInterfaceOrientationPortrait UIInterfaceOrientationLandscapeLeft UIInterfaceOrientationLandscapeRight";
				LD_RUNPATH_SEARCH_PATHS = (
					"$(inherited)",
					"@executable_path/Frameworks",
				);
				MARKETING_VERSION = 1.0;
				PRODUCT_BUNDLE_IDENTIFIER = com.farkhodkhaknazarov.ARViewUsage;
				PRODUCT_NAME = "$(TARGET_NAME)";
				SWIFT_EMIT_LOC_STRINGS = YES;
				SWIFT_VERSION = 5.0;
				TARGETED_DEVICE_FAMILY = "1,2";
			};
			name = Release;
		};
/* End XCBuildConfiguration section */

/* Begin XCConfigurationList section */
		BFCEC10A29D771FE0071B60F /* Build configuration list for PBXProject "ARViewUsage" */ = {
			isa = XCConfigurationList;
			buildConfigurations = (
				BFCEC11B29D771FF0071B60F /* Debug */,
				BFCEC11C29D771FF0071B60F /* Release */,
			);
			defaultConfigurationIsVisible = 0;
			defaultConfigurationName = Release;
		};
		BFCEC11D29D771FF0071B60F /* Build configuration list for PBXNativeTarget "ARViewUsage" */ = {
			isa = XCConfigurationList;
			buildConfigurations = (
				BFCEC11E29D771FF0071B60F /* Debug */,
				BFCEC11F29D771FF0071B60F /* Release */,
			);
			defaultConfigurationIsVisible = 0;
			defaultConfigurationName = Release;
		};
/* End XCConfigurationList section */
	};
	rootObject = BFCEC10729D771FE0071B60F /* Project object */;
}
